
Microsoft Visual Studio Solution File, Format Version 12.00
# Visual Studio 15
VisualStudioVersion = 15.0.27703.2042
MinimumVisualStudioVersion = 10.0.40219.1
Project("{FAE04EC0-301F-11D3-BF4B-00C04F79EFBC}") = "GingerOfficePlugin", "GingerOfficePlugin\GingerOfficePlugin.csproj", "{A923E2EF-4CCA-4918-8BFD-1A94CFC751F5}"
EndProject
Project("{FAE04EC0-301F-11D3-BF4B-00C04F79EFBC}") = "GingerOfficePluginTest", "GingerOfficePluginTest\GingerOfficePluginTest.csproj", "{F2F88435-F9A2-41B2-AC94-F88F3581BDC6}"
EndProject
Global
	GlobalSection(SolutionConfigurationPlatforms) = preSolution
		Debug|Any CPU = Debug|Any CPU
		Release|Any CPU = Release|Any CPU
	EndGlobalSection
	GlobalSection(ProjectConfigurationPlatforms) = postSolution
		{A923E2EF-4CCA-4918-8BFD-1A94CFC751F5}.Debug|Any CPU.ActiveCfg = Debug|Any CPU
		{A923E2EF-4CCA-4918-8BFD-1A94CFC751F5}.Debug|Any CPU.Build.0 = Debug|Any CPU
		{A923E2EF-4CCA-4918-8BFD-1A94CFC751F5}.Release|Any CPU.ActiveCfg = Release|Any CPU
		{A923E2EF-4CCA-4918-8BFD-1A94CFC751F5}.Release|Any CPU.Build.0 = Release|Any CPU
		{F2F88435-F9A2-41B2-AC94-F88F3581BDC6}.Debug|Any CPU.ActiveCfg = Debug|Any CPU
		{F2F88435-F9A2-41B2-AC94-F88F3581BDC6}.Debug|Any CPU.Build.0 = Debug|Any CPU
		{F2F88435-F9A2-41B2-AC94-F88F3581BDC6}.Release|Any CPU.ActiveCfg = Release|Any CPU
		{F2F88435-F9A2-41B2-AC94-F88F3581BDC6}.Release|Any CPU.Build.0 = Release|Any CPU
	EndGlobalSection
	GlobalSection(SolutionProperties) = preSolution
		HideSolutionNode = FALSE
	EndGlobalSection
	GlobalSection(ExtensibilityGlobals) = postSolution
		SolutionGuid = {EE13D7AB-0C8D-4136-B811-BEE10AD982A6}
	EndGlobalSection
EndGlobal
